Microsoft Visual Studio Solution File, Format Version 11.00
# Visual Studio 2008

Project("{AC38ECF1-2A90-9A72-BE99-06C95493924E}") = "Alchemist", "Assembly-CSharp.csproj", "{EA9E0512-3064-70EE-CD50-B4003E2D7A5F}"
EndProject
Global
	GlobalSection(SolutionConfigurationPlatforms) = preSolution
		Debug|Any CPU = Debug|Any CPU
		Release|Any CPU = Release|Any CPU
	EndGlobalSection
	GlobalSection(ProjectConfigurationPlatforms) = postSolution
		{EA9E0512-3064-70EE-CD50-B4003E2D7A5F}.Debug|Any CPU.ActiveCfg = Debug|Any CPU
		{EA9E0512-3064-70EE-CD50-B4003E2D7A5F}.Debug|Any CPU.Build.0 = Debug|Any CPU
		{EA9E0512-3064-70EE-CD50-B4003E2D7A5F}.Release|Any CPU.ActiveCfg = Release|Any CPU
		{EA9E0512-3064-70EE-CD50-B4003E2D7A5F}.Release|Any CPU.Build.0 = Release|Any CPU
	EndGlobalSection
	GlobalSection(SolutionProperties) = preSolution
		HideSolutionNode = FALSE
	EndGlobalSection
	GlobalSection(MonoDevelopProperties) = preSolution
		StartupItem = Assembly-CSharp.csproj
	EndGlobalSection
EndGlobal
